
Microsoft Visual Studio Solution File, Format Version 12.00
# Visual Studio Version 17
VisualStudioVersion = 17.5.2.0
MinimumVisualStudioVersion = 10.0.40219.1
Project("{FAE04EC0-301F-11D3-BF4B-00C04F79EFBC}") = "DocumentMcpServer", "DocumentMcpServer.csproj", "{2558A377-54CC-A048-66A9-D161D708A3DE}"
EndProject
Project("{2150E333-8FDC-42A3-9474-1A3956D46DE8}") = "Tests", "Tests", "{0AB3BF05-4346-4AA6-1389-037BE0695223}"
EndProject
Project("{FAE04EC0-301F-11D3-BF4B-00C04F79EFBC}") = "DocumentMcpServer.Tests", "Tests\DocumentMcpServer.Tests.csproj", "{C893310C-F39E-406F-A761-82FA7FBEEFA7}"
EndProject
Global
	GlobalSection(SolutionConfigurationPlatforms) = preSolution
		Debug|Any CPU = Debug|Any CPU
		Debug|x64 = Debug|x64
		Debug|x86 = Debug|x86
		Release|Any CPU = Release|Any CPU
		Release|x64 = Release|x64
		Release|x86 = Release|x86
	EndGlobalSection
	GlobalSection(ProjectConfigurationPlatforms) = postSolution
		{2558A377-54CC-A048-66A9-D161D708A3DE}.Debug|Any CPU.ActiveCfg = Debug|Any CPU
		{2558A377-54CC-A048-66A9-D161D708A3DE}.Debug|Any CPU.Build.0 = Debug|Any CPU
		{2558A377-54CC-A048-66A9-D161D708A3DE}.Debug|x64.ActiveCfg = Debug|Any CPU
		{2558A377-54CC-A048-66A9-D161D708A3DE}.Debug|x64.Build.0 = Debug|Any CPU
		{2558A377-54CC-A048-66A9-D161D708A3DE}.Debug|x86.ActiveCfg = Debug|Any CPU
		{2558A377-54CC-A048-66A9-D161D708A3DE}.Debug|x86.Build.0 = Debug|Any CPU
		{2558A377-54CC-A048-66A9-D161D708A3DE}.Release|Any CPU.ActiveCfg = Release|Any CPU
		{2558A377-54CC-A048-66A9-D161D708A3DE}.Release|Any CPU.Build.0 = Release|Any CPU
		{2558A377-54CC-A048-66A9-D161D708A3DE}.Release|x64.ActiveCfg = Release|Any CPU
		{2558A377-54CC-A048-66A9-D161D708A3DE}.Release|x64.Build.0 = Release|Any CPU
		{2558A377-54CC-A048-66A9-D161D708A3DE}.Release|x86.ActiveCfg = Release|Any CPU
		{2558A377-54CC-A048-66A9-D161D708A3DE}.Release|x86.Build.0 = Release|Any CPU
		{C893310C-F39E-406F-A761-82FA7FBEEFA7}.Debug|Any CPU.ActiveCfg = Debug|Any CPU
		{C893310C-F39E-406F-A761-82FA7FBEEFA7}.Debug|Any CPU.Build.0 = Debug|Any CPU
		{C893310C-F39E-406F-A761-82FA7FBEEFA7}.Debug|x64.ActiveCfg = Debug|Any CPU
		{C893310C-F39E-406F-A761-82FA7FBEEFA7}.Debug|x64.Build.0 = Debug|Any CPU
		{C893310C-F39E-406F-A761-82FA7FBEEFA7}.Debug|x86.ActiveCfg = Debug|Any CPU
		{C893310C-F39E-406F-A761-82FA7FBEEFA7}.Debug|x86.Build.0 = Debug|Any CPU
		{C893310C-F39E-406F-A761-82FA7FBEEFA7}.Release|Any CPU.ActiveCfg = Release|Any CPU
		{C893310C-F39E-406F-A761-82FA7FBEEFA7}.Release|Any CPU.Build.0 = Release|Any CPU
		{C893310C-F39E-406F-A761-82FA7FBEEFA7}.Release|x64.ActiveCfg = Release|Any CPU
		{C893310C-F39E-406F-A761-82FA7FBEEFA7}.Release|x64.Build.0 = Release|Any CPU
		{C893310C-F39E-406F-A761-82FA7FBEEFA7}.Release|x86.ActiveCfg = Release|Any CPU
		{C893310C-F39E-406F-A761-82FA7FBEEFA7}.Release|x86.Build.0 = Release|Any CPU
	EndGlobalSection
	GlobalSection(SolutionProperties) = preSolution
		HideSolutionNode = FALSE
	EndGlobalSection
	GlobalSection(NestedProjects) = preSolution
		{C893310C-F39E-406F-A761-82FA7FBEEFA7} = {0AB3BF05-4346-4AA6-1389-037BE0695223}
	EndGlobalSection
	GlobalSection(ExtensibilityGlobals) = postSolution
		SolutionGuid = {13D313D0-E6E1-4968-B265-993DDA49DAB4}
	EndGlobalSection
EndGlobal
